github.com/Shopify/sarama v1.18.0 h1:Ha2FAOngREft7C44ouUXDxSZ/Y/77IDCMV1YS4AnUkI=
github.com/Shopify/sarama v1.18.0/go.mod h1:FVkBWblsNy7DGZRfXLU0O9RCGt5g3g3yEuWXgklEdEo=
github.com/davecgh/go-spew v1.1.1 h1:vj9j/u1bqnvCEfJOwUhtlOARqs3+rkHYY13jYWTU97c=
github.com/davecgh/go-spew v1.1.1/go.mod h1:J7Y8YcW2NihsgmVo/mv3lAwl/skON4iLHjSsI+c5H38=
github.com/eapache/go-resiliency v1.1.0 h1:1NtRmCAqadE2FN4ZcN6g90TP3uk8cg9rn9eNK2197aU=
github.com/eapache/go-resiliency v1.1.0/go.mod h1:kFI+JgMyC7bLPUVY133qvEBtVayf5mFgVsvEsIPBvNs=
github.com/eapache/go-xerial-snappy v0.0.0-20180703130627-040cc1a32f57 h1:a7ApRW6UdlZEHT8yq+LS1AcNLlg0HExVpQolhesA8Y4=
github.com/eapache/go-xerial-snappy v0.0.0-20180703130627-040cc1a32f57/go.mod h1:+020luEh2TKB4/GOp8oxxtq0Daoen/Cii55CzbTV6DU=
github.com/eapache/queue v0.0.0-20180227141424-093482f3f8ce h1:wgJIjAWDwKCWtv+sEEuBOizA9xBmlOoMsP3Cs9ZDxKk=
github.com/eapache/queue v0.0.0-20180227141424-093482f3f8ce/go.mod h1:6eCeP0CKFpHLu8blIFXhExK/dRa7WDZfr6jVFPTqq+I=
github.com/golang/snappy v0.0.0-20180518054509-2e65f85255db h1:woRePGFeVFfLKN/pOkfl+p/TAqKOfFu+7KPlMVpok/w=
github.com/golang/snappy v0.0.0-20180518054509-2e65f85255db/go.mod h1:/XxbfmMg8lxefKM7IXC3fBNl/7bRcc72aCRzEWrmP2Q=
github.com/pierrec/lz4 v2.0.2+incompatible h1:6spEXYEkGG74KeVRPzvSU0Fa3xO9DGO0bJcA6uIfwo8=
github.com/pierrec/lz4 v2.0.2+incompatible/go.mod h1:pdkljMzZIN41W+lC3N2tnIh5sFi+IEE17M5jbnwPHcY=
github.com/rcrowley/go-metrics v0.0.0-20180503174638-e2704e165165 h1:nkcn14uNmFEuGCb2mBZbBb24RdNRL08b/wb+xBOYpuk=
github.com/rcrowley/go-metrics v0.0.0-20180503174638-e2704e165165/go.mod h1:bCqnVzQkZxMG4s8nGwiZ5l3QUCyqpo9Y+/ZMZ9VjZe4=
