dependencies:
- name: prometheus
  repository: https://kubernetes-charts.storage.googleapis.com
  version: 7.1.0
- name: metrics-server
  repository: https://kubernetes-charts.storage.googleapis.com
  version: 2.8.2
digest: sha256:3e42abb66122a9ae4ce8222222d7b6bb8a0943d1eb0f72c2f73cbe3965c08ebf
generated: 2019-07-03T15:32:44.621446+05:30
