
Microsoft Visual Studio Solution File, Format Version 12.00
# Visual Studio 15
VisualStudioVersion = 15.0.26730.12
MinimumVisualStudioVersion = 10.0.40219.1
Project("{9A19103F-16F7-4668-BE54-9A1E7A4F7556}") = "fission-dotnet20", "dotnet20\fission-dotnet20.csproj", "{3F044DE1-74E5-48F7-8D23-233C24AAA45C}"
EndProject
Global
	GlobalSection(SolutionConfigurationPlatforms) = preSolution
		Debug|Any CPU = Debug|Any CPU
		Release|Any CPU = Release|Any CPU
	EndGlobalSection
	GlobalSection(ProjectConfigurationPlatforms) = postSolution
		{3F044DE1-74E5-48F7-8D23-233C24AAA45C}.Debug|Any CPU.ActiveCfg = Debug|Any CPU
		{3F044DE1-74E5-48F7-8D23-233C24AAA45C}.Debug|Any CPU.Build.0 = Debug|Any CPU
		{3F044DE1-74E5-48F7-8D23-233C24AAA45C}.Release|Any CPU.ActiveCfg = Release|Any CPU
		{3F044DE1-74E5-48F7-8D23-233C24AAA45C}.Release|Any CPU.Build.0 = Release|Any CPU
	EndGlobalSection
	GlobalSection(SolutionProperties) = preSolution
		HideSolutionNode = FALSE
	EndGlobalSection
	GlobalSection(ExtensibilityGlobals) = postSolution
		SolutionGuid = {272000F7-BBEC-4B61-8865-783EF7E5CEE9}
	EndGlobalSection
EndGlobal
